
Microsoft Visual Studio Solution File, Format Version 12.00
# Visual Studio Version 17
VisualStudioVersion = 17.2.32630.192
MinimumVisualStudioVersion = 10.0.40219.1
Project("{9A19103F-16F7-4668-BE54-9A1E7A4F7556}") = "Migration", "Migration\Migration.csproj", "{497A187D-ED32-449D-BFCF-AD0BD61E8E80}"
EndProject
Project("{FAE04EC0-301F-11D3-BF4B-00C04F79EFBC}") = "MigrationLib", "MigrationLib\MigrationLib.csproj", "{5CC63028-7B70-46AA-956D-0FB3645B8B3A}"
EndProject
Global
	GlobalSection(SolutionConfigurationPlatforms) = preSolution
		Debug|Any CPU = Debug|Any CPU
		Release|Any CPU = Release|Any CPU
	EndGlobalSection
	GlobalSection(ProjectConfigurationPlatforms) = postSolution
		{497A187D-ED32-449D-BFCF-AD0BD61E8E80}.Debug|Any CPU.ActiveCfg = Debug|Any CPU
		{497A187D-ED32-449D-BFCF-AD0BD61E8E80}.Debug|Any CPU.Build.0 = Debug|Any CPU
		{497A187D-ED32-449D-BFCF-AD0BD61E8E80}.Release|Any CPU.ActiveCfg = Release|Any CPU
		{497A187D-ED32-449D-BFCF-AD0BD61E8E80}.Release|Any CPU.Build.0 = Release|Any CPU
		{5CC63028-7B70-46AA-956D-0FB3645B8B3A}.Debug|Any CPU.ActiveCfg = Debug|Any CPU
		{5CC63028-7B70-46AA-956D-0FB3645B8B3A}.Debug|Any CPU.Build.0 = Debug|Any CPU
		{5CC63028-7B70-46AA-956D-0FB3645B8B3A}.Release|Any CPU.ActiveCfg = Release|Any CPU
		{5CC63028-7B70-46AA-956D-0FB3645B8B3A}.Release|Any CPU.Build.0 = Release|Any CPU
	EndGlobalSection
	GlobalSection(SolutionProperties) = preSolution
		HideSolutionNode = FALSE
	EndGlobalSection
	GlobalSection(ExtensibilityGlobals) = postSolution
		SolutionGuid = {DFF54E27-67C8-4F39-8CBA-3322206CFB42}
	EndGlobalSection
EndGlobal
